
Microsoft Visual Studio Solution File, Format Version 12.00
# Visual Studio Version 17
VisualStudioVersion = 17.3.32825.248
MinimumVisualStudioVersion = 10.0.40219.1
Project("{9A19103F-16F7-4668-BE54-9A1E7A4F7556}") = "OrdersSystem", "OrdersSystem.csproj", "{00BD59D7-39D6-4552-A412-539F0A59D1D3}"
EndProject
Project("{FAE04EC0-301F-11D3-BF4B-00C04F79EFBC}") = "OrdersTest", "..\OrdersTest\OrdersTest.csproj", "{1E758DB3-9C04-406A-902C-2CB1F3276C0E}"
EndProject
Global
	GlobalSection(SolutionConfigurationPlatforms) = preSolution
		Debug|Any CPU = Debug|Any CPU
		Release|Any CPU = Release|Any CPU
	EndGlobalSection
	GlobalSection(ProjectConfigurationPlatforms) = postSolution
		{00BD59D7-39D6-4552-A412-539F0A59D1D3}.Debug|Any CPU.ActiveCfg = Debug|Any CPU
		{00BD59D7-39D6-4552-A412-539F0A59D1D3}.Debug|Any CPU.Build.0 = Debug|Any CPU
		{00BD59D7-39D6-4552-A412-539F0A59D1D3}.Release|Any CPU.ActiveCfg = Release|Any CPU
		{00BD59D7-39D6-4552-A412-539F0A59D1D3}.Release|Any CPU.Build.0 = Release|Any CPU
		{1E758DB3-9C04-406A-902C-2CB1F3276C0E}.Debug|Any CPU.ActiveCfg = Debug|Any CPU
		{1E758DB3-9C04-406A-902C-2CB1F3276C0E}.Debug|Any CPU.Build.0 = Debug|Any CPU
		{1E758DB3-9C04-406A-902C-2CB1F3276C0E}.Release|Any CPU.ActiveCfg = Release|Any CPU
		{1E758DB3-9C04-406A-902C-2CB1F3276C0E}.Release|Any CPU.Build.0 = Release|Any CPU
	EndGlobalSection
	GlobalSection(SolutionProperties) = preSolution
		HideSolutionNode = FALSE
	EndGlobalSection
	GlobalSection(ExtensibilityGlobals) = postSolution
		SolutionGuid = {49827E4E-CD87-4F54-93C9-03C1429D9B3E}
	EndGlobalSection
EndGlobal
